# THIS IS AN AUTOGENERATED FILE. DO NOT EDIT THIS FILE DIRECTLY.
# yarn lockfile v1


dotenv@^8.2.0:
  version "8.2.0"
  resolved "https://registry.yarnpkg.com/dotenv/-/dotenv-8.2.0.tgz#97e619259ada750eea3e4ea3e26bceea5424b16a"
  integrity sha512-8sJ78ElpbDJBHNeBzUbUVLsqKdccaa/BXF1uPTw3GrvQTBgrQrtObr2mUrE38vzYd8cEv+m/JBfDLioYcfXoaw==

m3u@^0.0.2:
  version "0.0.2"
  resolved "https://registry.yarnpkg.com/m3u/-/m3u-0.0.2.tgz#cb971743b434efd8c77b3cc3a47fc0411a903df7"
  integrity sha1-y5cXQ7Q079jHezzDpH/AQRqQPfc=
  dependencies:
    oop "0.0.3"

node-fetch@^2.6.0:
  version "2.6.1"
  resolved "https://registry.yarnpkg.com/node-fetch/-/node-fetch-2.6.1.tgz#045bd323631f76ed2e2b55573394416b639a0052"
  integrity sha512-V4aYg89jEoVRxRb2fJdAg8FHvI7cEyYdVAh94HH0UIK8oJxUfkjlDQN9RbMx+bEjP7+ggMiFRprSti032Oipxw==

oop@0.0.3:
  version "0.0.3"
  resolved "https://registry.yarnpkg.com/oop/-/oop-0.0.3.tgz#70fa405a5650891a194fdc82ca68dad6dabf4401"
  integrity sha1-cPpAWlZQiRoZT9yCymja1tq/RAE=

qs@^6.9.1:
  version "6.9.3"
  resolved "https://registry.yarnpkg.com/qs/-/qs-6.9.3.tgz#bfadcd296c2d549f1dffa560619132c977f5008e"
  integrity sha512-EbZYNarm6138UKKq46tdx08Yo/q9ZhFoAXAI1meAFd2GtbRDhbZY2WQSICskT0c5q99aFzLG1D4nvTk9tqfXIw==

"subsonicjs@https://github.com/ducdigital/subsonicjs.git#add-token-param":
  version "0.6.0"
  resolved "https://github.com/ducdigital/subsonicjs.git#a7d587e19c2871dab479731d9d4302ed2a49d035"
  dependencies:
    node-fetch "^2.6.0"
    qs "^6.9.1"
